
Microsoft Visual Studio Solution File, Format Version 12.00
# Visual Studio Version 17
VisualStudioVersion = 17.14.36121.58 d17.14
MinimumVisualStudioVersion = 10.0.40219.1
Project("{FAE04EC0-301F-11D3-BF4B-00C04F79EFBC}") = "Core", "WebCrot\Core.csproj", "{7F9A3779-EE14-44F3-8B52-3DB9A9834820}"
EndProject
Project("{FAE04EC0-301F-11D3-BF4B-00C04F79EFBC}") = "Infrastracture", "Infrastracture\Infrastracture.csproj", "{0E6CF17F-43F6-4A89-A435-1F272EC2A396}"
EndProject
Project("{FAE04EC0-301F-11D3-BF4B-00C04F79EFBC}") = "Crot", "Crot\Crot.csproj", "{D9E73A90-0F00-4016-BBF1-ED3248B26214}"
EndProject
Global
	GlobalSection(SolutionConfigurationPlatforms) = preSolution
		Debug|Any CPU = Debug|Any CPU
		Release|Any CPU = Release|Any CPU
	EndGlobalSection
	GlobalSection(ProjectConfigurationPlatforms) = postSolution
		{7F9A3779-EE14-44F3-8B52-3DB9A9834820}.Debug|Any CPU.ActiveCfg = Debug|Any CPU
		{7F9A3779-EE14-44F3-8B52-3DB9A9834820}.Debug|Any CPU.Build.0 = Debug|Any CPU
		{7F9A3779-EE14-44F3-8B52-3DB9A9834820}.Release|Any CPU.ActiveCfg = Release|Any CPU
		{7F9A3779-EE14-44F3-8B52-3DB9A9834820}.Release|Any CPU.Build.0 = Release|Any CPU
		{0E6CF17F-43F6-4A89-A435-1F272EC2A396}.Debug|Any CPU.ActiveCfg = Debug|Any CPU
		{0E6CF17F-43F6-4A89-A435-1F272EC2A396}.Debug|Any CPU.Build.0 = Debug|Any CPU
		{0E6CF17F-43F6-4A89-A435-1F272EC2A396}.Release|Any CPU.ActiveCfg = Release|Any CPU
		{0E6CF17F-43F6-4A89-A435-1F272EC2A396}.Release|Any CPU.Build.0 = Release|Any CPU
		{D9E73A90-0F00-4016-BBF1-ED3248B26214}.Debug|Any CPU.ActiveCfg = Debug|Any CPU
		{D9E73A90-0F00-4016-BBF1-ED3248B26214}.Debug|Any CPU.Build.0 = Debug|Any CPU
		{D9E73A90-0F00-4016-BBF1-ED3248B26214}.Release|Any CPU.ActiveCfg = Release|Any CPU
		{D9E73A90-0F00-4016-BBF1-ED3248B26214}.Release|Any CPU.Build.0 = Release|Any CPU
	EndGlobalSection
	GlobalSection(SolutionProperties) = preSolution
		HideSolutionNode = FALSE
	EndGlobalSection
	GlobalSection(ExtensibilityGlobals) = postSolution
		SolutionGuid = {AD783434-2866-4695-83B9-7BEFDD91659B}
	EndGlobalSection
EndGlobal
